
Microsoft Visual Studio Solution File, Format Version 12.00
# Visual Studio 15
Project("{FAE04EC0-301F-11D3-BF4B-00C04F79EFBC}") = "UnityEngine.UI", "UnityEngine.UI.csproj", "{3FB520C4-8EFC-3605-B086-62DBBD776985}"
EndProject
Project("{FAE04EC0-301F-11D3-BF4B-00C04F79EFBC}") = "Assembly-CSharp", "Assembly-CSharp.csproj", "{A5A908E0-96CB-3E3C-3EAA-960348B0F70B}"
EndProject
Project("{FAE04EC0-301F-11D3-BF4B-00C04F79EFBC}") = "UnityEditor.UI", "UnityEditor.UI.csproj", "{D56F1F4E-03E5-F287-361D-BCB0D098A151}"
EndProject
Global
	GlobalSection(SolutionConfigurationPlatforms) = preSolution
		Debug|Any CPU = Debug|Any CPU
		Release|Any CPU = Release|Any CPU
	EndGlobalSection
	GlobalSection(ProjectConfigurationPlatforms) = postSolution
		{3FB520C4-8EFC-3605-B086-62DBBD776985}.Debug|Any CPU.ActiveCfg = Debug|Any CPU
		{3FB520C4-8EFC-3605-B086-62DBBD776985}.Debug|Any CPU.Build.0 = Debug|Any CPU
		{3FB520C4-8EFC-3605-B086-62DBBD776985}.Release|Any CPU.ActiveCfg = Release|Any CPU
		{3FB520C4-8EFC-3605-B086-62DBBD776985}.Release|Any CPU.Build.0 = Release|Any CPU
		{A5A908E0-96CB-3E3C-3EAA-960348B0F70B}.Debug|Any CPU.ActiveCfg = Debug|Any CPU
		{A5A908E0-96CB-3E3C-3EAA-960348B0F70B}.Debug|Any CPU.Build.0 = Debug|Any CPU
		{A5A908E0-96CB-3E3C-3EAA-960348B0F70B}.Release|Any CPU.ActiveCfg = Release|Any CPU
		{A5A908E0-96CB-3E3C-3EAA-960348B0F70B}.Release|Any CPU.Build.0 = Release|Any CPU
		{D56F1F4E-03E5-F287-361D-BCB0D098A151}.Debug|Any CPU.ActiveCfg = Debug|Any CPU
		{D56F1F4E-03E5-F287-361D-BCB0D098A151}.Debug|Any CPU.Build.0 = Debug|Any CPU
		{D56F1F4E-03E5-F287-361D-BCB0D098A151}.Release|Any CPU.ActiveCfg = Release|Any CPU
		{D56F1F4E-03E5-F287-361D-BCB0D098A151}.Release|Any CPU.Build.0 = Release|Any CPU
	EndGlobalSection
	GlobalSection(SolutionProperties) = preSolution
		HideSolutionNode = FALSE
	EndGlobalSection
EndGlobal
